# THIS IS AN AUTOGENERATED FILE. DO NOT EDIT THIS FILE DIRECTLY.
# yarn lockfile v1


"@babel/helper-validator-identifier@^7.9.5":
  version "7.9.5"
  resolved "https://registry.yarnpkg.com/@babel/helper-validator-identifier/-/helper-validator-identifier-7.9.5.tgz#90977a8e6fbf6b431a7dc31752eee233bf052d80"
  integrity sha512-/8arLKUFq882w4tWGj9JYzRpAlZgiWUJ+dtteNTDqrRBz9Iguck9Rn3ykuBDoUwh2TO4tSAJlrxDUOXWklJe4g==

"@babel/parser@^7.8.6":
  version "7.9.6"
  resolved "https://registry.yarnpkg.com/@babel/parser/-/parser-7.9.6.tgz#3b1bbb30dabe600cd72db58720998376ff653bc7"
  integrity sha512-AoeIEJn8vt+d/6+PXDRPaksYhnlbMIiejioBZvvMQsOjW/JYK6k/0dKnvvP3EhK5GfMBWDPtrxRtegWdAcdq9Q==

"@babel/types@^7.8.6":
  version "7.9.6"
  resolved "https://registry.yarnpkg.com/@babel/types/-/types-7.9.6.tgz#2c5502b427251e9de1bd2dff95add646d95cc9f7"
  integrity sha512-qxXzvBO//jO9ZnoasKF1uJzHd2+M6Q2ZPIVfnFps8JJvXy0ZBbwbNOmE6SGIY5XOY6d1Bo5lb9d9RJ8nv3WSeA==
  dependencies:
    "@babel/helper-validator-identifier" "^7.9.5"
    lodash "^4.17.13"
    to-fast-properties "^2.0.0"

"@types/google.analytics@^0.0.40":
  version "0.0.40"
  resolved "https://registry.yarnpkg.com/@types/google.analytics/-/google.analytics-0.0.40.tgz#35526e9d78333423c430ade1c821ce54d0f0f850"
  integrity sha512-R3HpnLkqmKxhUAf8kIVvDVGJqPtaaZlW4yowNwjOZUTmYUQEgHh8Nh5wkSXKMroNAuQM8gbXJHmNbbgA8tdb7Q==

"@vue/compiler-core@3.0.0-beta.14":
  version "3.0.0-beta.14"
  resolved "https://registry.yarnpkg.com/@vue/compiler-core/-/compiler-core-3.0.0-beta.14.tgz#69019b5c3da8335e6d83f81b37648caf120dbacd"
  integrity sha512-VZarslk2r0E8V9Iuu24LPOWuomWV8KgTp3Pmie6Ys+LnIk+G/hme9BwC2jZgmqgF+adwcfmUC5BTi/KbhRVeIw==
  dependencies:
    "@babel/parser" "^7.8.6"
    "@babel/types" "^7.8.6"
    "@vue/shared" "3.0.0-beta.14"
    estree-walker "^0.8.1"
    source-map "^0.6.1"

"@vue/compiler-dom@3.0.0-beta.14":
  version "3.0.0-beta.14"
  resolved "https://registry.yarnpkg.com/@vue/compiler-dom/-/compiler-dom-3.0.0-beta.14.tgz#2ea1c165e06e9630e687a7a5cbde4e8b20b064ac"
  integrity sha512-wZ2uWo4jvAGD5FPNZYMOxpKEDigLcoPvOGhIAv8H4B6ltDyW54Zfc4RrW5MopJqEcHDDZMpcgGcFN5Qa09sLOg==
  dependencies:
    "@vue/compiler-core" "3.0.0-beta.14"
    "@vue/shared" "3.0.0-beta.14"

"@vue/reactivity@3.0.0-beta.14":
  version "3.0.0-beta.14"
  resolved "https://registry.yarnpkg.com/@vue/reactivity/-/reactivity-3.0.0-beta.14.tgz#a041ec24ce2e545583a6a1a42774311c16870a91"
  integrity sha512-csqLljnM+8OBBAyzeUXGIYJhhph0DLOsHQwJGmz7uc342taW6XSi4MXaLk5MRiigunfmXxEswJGziwsh+4YP3g==
  dependencies:
    "@vue/shared" "3.0.0-beta.14"

"@vue/runtime-core@3.0.0-beta.14":
  version "3.0.0-beta.14"
  resolved "https://registry.yarnpkg.com/@vue/runtime-core/-/runtime-core-3.0.0-beta.14.tgz#4f8162befd6ad1ac55cc6c142edc8301b090658a"
  integrity sha512-5WKNMd7lX0vdSMeNd1cF0VhM+N+kXicSXKKZtTfQLUfZt1gLuE3nlBhv1PqjGf79zXw5lQLzz6XoUY1i52rEkA==
  dependencies:
    "@vue/reactivity" "3.0.0-beta.14"
    "@vue/shared" "3.0.0-beta.14"

"@vue/runtime-dom@3.0.0-beta.14":
  version "3.0.0-beta.14"
  resolved "https://registry.yarnpkg.com/@vue/runtime-dom/-/runtime-dom-3.0.0-beta.14.tgz#080e9dd48a95da639f9fcc6d70a2d9620aec6ab8"
  integrity sha512-nwHvG+IsO0Ttl39NPvQKX2vv5H4XWZVzZCX1rqEIBP3llHyyB9dMrNSPcw54YlPGrEuCwBxVDokHG4CSeVEdtg==
  dependencies:
    "@vue/runtime-core" "3.0.0-beta.14"
    "@vue/shared" "3.0.0-beta.14"
    csstype "^2.6.8"

"@vue/shared@3.0.0-beta.14":
  version "3.0.0-beta.14"
  resolved "https://registry.yarnpkg.com/@vue/shared/-/shared-3.0.0-beta.14.tgz#886afe5c233a5b255c186142324c40f114958af5"
  integrity sha512-mnK5teJMLzsBE56Kys+uiyR/jAl1kbokHZ++MnlP7ls9icPqZ/QQE/VTDl3QJ7IHteS2VR6ytAz/Aa/4Dpv/ew==

csstype@^2.6.8:
  version "2.6.10"
  resolved "https://registry.yarnpkg.com/csstype/-/csstype-2.6.10.tgz#e63af50e66d7c266edb6b32909cfd0aabe03928b"
  integrity sha512-D34BqZU4cIlMCY93rZHbrq9pjTAQJ3U8S8rfBqjwHxkGPThWFjzZDQpgMJY0QViLxth6ZKYiwFBo14RdN44U/w==

estree-walker@^0.8.1:
  version "0.8.1"
  resolved "https://registry.yarnpkg.com/estree-walker/-/estree-walker-0.8.1.tgz#6230ce2ec9a5cb03888afcaf295f97d90aa52b79"
  integrity sha512-H6cJORkqvrNziu0KX2hqOMAlA2CiuAxHeGJXSIoKA/KLv229Dw806J3II6mKTm5xiDX1At1EXCfsOQPB+tMB+g==

ga-lite@^2.0.1:
  version "2.0.5"
  resolved "https://registry.yarnpkg.com/ga-lite/-/ga-lite-2.0.5.tgz#f0528dfb27feee4ac10b2f770f0a1a88075652f8"
  integrity sha512-dpf7m9VwuvybwvhvpqtBxe/UvN4Vy1Ih6h2YSgL+SyOX62icHzscLNC21jYwUkzXB7aV/q57ZQfOaLAFVNurhQ==

lodash@^4.17.13:
  version "4.17.15"
  resolved "https://registry.yarnpkg.com/lodash/-/lodash-4.17.15.tgz#b447f6670a0455bbfeedd11392eff330ea097548"
  integrity sha512-8xOcRHvCjnocdS5cpwXQXVzmmh5e5+saE2QGoeQmbKmRS6J3VQppPOIt0MnmE+4xlZoumy0GPG0D0MVIQbNA1A==

prettier@2.0.5:
  version "2.0.5"
  resolved "https://registry.yarnpkg.com/prettier/-/prettier-2.0.5.tgz#d6d56282455243f2f92cc1716692c08aa31522d4"
  integrity sha512-7PtVymN48hGcO4fGjybyBSIWDsLU4H4XlvOHfq91pz9kkGlonzwTfYkaIEwiRg/dAJF9YlbsduBAgtYLi+8cFg==

source-map@^0.6.1:
  version "0.6.1"
  resolved "https://registry.yarnpkg.com/source-map/-/source-map-0.6.1.tgz#74722af32e9614e9c287a8d0bbde48b5e2f1a263"
  integrity sha512-UjgapumWlbMhkBgzT7Ykc5YXUT46F0iKu8SGXq0bcwP5dz/h0Plj6enJqjz1Zbq2l5WaqYnrVbwWOWMyF3F47g==

to-fast-properties@^2.0.0:
  version "2.0.0"
  resolved "https://registry.yarnpkg.com/to-fast-properties/-/to-fast-properties-2.0.0.tgz#dc5e698cbd079265bc73e0377681a4e4e83f616e"
  integrity sha1-3F5pjL0HkmW8c+A3doGk5Og/YW4=

typescript@3.9.3:
  version "3.9.3"
  resolved "https://registry.yarnpkg.com/typescript/-/typescript-3.9.3.tgz#d3ac8883a97c26139e42df5e93eeece33d610b8a"
  integrity sha512-D/wqnB2xzNFIcoBG9FG8cXRDjiqSTbG2wd8DMZeQyJlP1vfTkIxH4GKveWaEBYySKIg+USu+E+EDIR47SqnaMQ==

vue-router@^4.0.0-alpha.12:
  version "4.0.0-alpha.12"
  resolved "https://registry.yarnpkg.com/vue-router/-/vue-router-4.0.0-alpha.12.tgz#cba18f0a7fcb577d97c8cd10072a9927313db510"
  integrity sha512-TJhbWHPZS1v259PKlZf+ljSob0U2RUii3HXQgrcFXsNmeWuqEYEh6trswHHr4+MQdXxHgonyYK28qhBjNhORkA==

vue@^3.0.0-beta.14:
  version "3.0.0-beta.14"
  resolved "https://registry.yarnpkg.com/vue/-/vue-3.0.0-beta.14.tgz#d2c8739e00c4a4a06b519c14c57d204c350c980c"
  integrity sha512-0MH1g5O3zX8ijvZuiQTYFq3UwHxtj512I/wrMPQLVXwjqb+ILA+fooSpdz4xgUBBl5zN/K9xJIwbl23sv+Sn7A==
  dependencies:
    "@vue/compiler-dom" "3.0.0-beta.14"
    "@vue/runtime-dom" "3.0.0-beta.14"
    "@vue/shared" "3.0.0-beta.14"
